Microsoft Visual Studio Solution File, Format Version 12.00
# Visual Studio Version 17
VisualStudioVersion = 17.5.2.0
MinimumVisualStudioVersion = 10.0.40219.1
Project("{FAE04EC0-301F-11D3-BF4B-00C04F79EFBC}") = "appcomics", "appcomics.csproj", "{6547E5DB-06A3-1773-5E5E-25D599DE90FD}"
EndProject
Global
	GlobalSection(SolutionConfigurationPlatforms) = preSolution
		Debug|Any CPU = Debug|Any CPU
		Release|Any CPU = Release|Any CPU
	EndGlobalSection
	GlobalSection(ProjectConfigurationPlatforms) = postSolution
		{6547E5DB-06A3-1773-5E5E-25D599DE90FD}.Debug|Any CPU.ActiveCfg = Debug|Any CPU
		{6547E5DB-06A3-1773-5E5E-25D599DE90FD}.Debug|Any CPU.Build.0 = Debug|Any CPU
		{6547E5DB-06A3-1773-5E5E-25D599DE90FD}.Release|Any CPU.ActiveCfg = Release|Any CPU
		{6547E5DB-06A3-1773-5E5E-25D599DE90FD}.Release|Any CPU.Build.0 = Release|Any CPU
	EndGlobalSection
	GlobalSection(SolutionProperties) = preSolution
		HideSolutionNode = FALSE
	EndGlobalSection
	GlobalSection(ExtensibilityGlobals) = postSolution
		SolutionGuid = {8E3BD110-DEAA-4E33-AF19-DAF83089767F}
	EndGlobalSection
EndGlobal
